dependencies:
- name: postgresql
  repository: https://charts.bitnami.com/bitnami
  version: 18.2.4
- name: redis
  repository: https://charts.bitnami.com/bitnami
  version: 24.1.3
- name: nginx
  repository: https://charts.bitnami.com/bitnami
  version: 22.4.7
- name: mongodb
  repository: https://charts.bitnami.com/bitnami
  version: 18.4.4
digest: sha256:769afb55c29bbbb5489098f5d660fd60bc94489b2b78dd705b9ee1ce51ab3a20
generated: "2026-02-06T14:23:15.495319497Z"
